{
  "name": "DEMOwebapp",
  "lockfileVersion": 3,
  "requires": true,
  "packages": {
    "": {
      "dependencies": {
        "gsap": "^3.13.0",
        "nodemailer": "^7.0.6"
      }
    },
    "node_modules/gsap": {
      "version": "3.13.0",
      "resolved": "https://registry.npmjs.org/gsap/-/gsap-3.13.0.tgz",
      "integrity": "sha512-QL7MJ2WMjm1PHWsoFrAQH/J8wUeqZvMtHO58qdekHpCfhvhSL4gSiz6vJf5EeMP0LOn3ZCprL2ki/gjED8ghVw==",
      "license": "Standard 'no charge' license: https://gsap.com/standard-license."
    },
    "node_modules/nodemailer": {
      "version": "7.0.6",
      "resolved": "https://registry.npmjs.org/nodemailer/-/nodemailer-7.0.6.tgz",
      "integrity": "sha512-F44uVzgwo49xboqbFgBGkRaiMgtoBrBEWCVincJPK9+S9Adkzt/wXCLKbf7dxucmxfTI5gHGB+bEmdyzN6QKjw==",
      "license": "MIT-0",
      "engines": {
        "node": ">=6.0.0"
      }
    }
  }
}
